
Microsoft Visual Studio Solution File, Format Version 12.00
# Visual Studio 15
VisualStudioVersion = 15.0.28307.106
MinimumVisualStudioVersion = 10.0.40219.1
Project("{FAE04EC0-301F-11D3-BF4B-00C04F79EFBC}") = "ShopApp", "ShopApp\ShopApp.csproj", "{9451AC77-F724-45DC-BC54-8185C7B05F04}"
EndProject
Global
	GlobalSection(SolutionConfigurationPlatforms) = preSolution
		Debug|Any CPU = Debug|Any CPU
		Release|Any CPU = Release|Any CPU
	EndGlobalSection
	GlobalSection(ProjectConfigurationPlatforms) = postSolution
		{9451AC77-F724-45DC-BC54-8185C7B05F04}.Debug|Any CPU.ActiveCfg = Debug|Any CPU
		{9451AC77-F724-45DC-BC54-8185C7B05F04}.Debug|Any CPU.Build.0 = Debug|Any CPU
		{9451AC77-F724-45DC-BC54-8185C7B05F04}.Release|Any CPU.ActiveCfg = Release|Any CPU
		{9451AC77-F724-45DC-BC54-8185C7B05F04}.Release|Any CPU.Build.0 = Release|Any CPU
	EndGlobalSection
	GlobalSection(SolutionProperties) = preSolution
		HideSolutionNode = FALSE
	EndGlobalSection
	GlobalSection(ExtensibilityGlobals) = postSolution
		SolutionGuid = {39DFA12C-6A18-4516-9FF3-2881E3230D18}
	EndGlobalSection
EndGlobal
